// !$*UTF8*$!
{
	archiveVersion = 1;
	classes = {
	};
	objectVersion = 50;
	objects = {

/* Begin PBXBuildFile section */
		377C77B5270C33E5001EB638 /* ChangeView.swift in Sources */ = {isa = PBXBuildFile; fileRef = 377C77B4270C33E5001EB638 /* ChangeView.swift */; };
		377C77B7270C3586001EB638 /* ChangeService.swift in Sources */ = {isa = PBXBuildFile; fileRef = 377C77B6270C3586001EB638 /* ChangeService.swift */; };
		378C28022701FF700070C6A8 /* URLSessionMock.swift in Sources */ = {isa = PBXBuildFile; fileRef = 378C28012701FF700070C6A8 /* URLSessionMock.swift */; };
		378C2808270853BA0070C6A8 /* TranslateRessource.json in Resources */ = {isa = PBXBuildFile; fileRef = 378C2807270853BA0070C6A8 /* TranslateRessource.json */; };
		378C280A270853D30070C6A8 /* ChangeRessource.json in Resources */ = {isa = PBXBuildFile; fileRef = 378C2809270853D30070C6A8 /* ChangeRessource.json */; };
		379BB5CA27143AEE00737752 /* Key.swift in Sources */ = {isa = PBXBuildFile; fileRef = 379BB5C927143AEE00737752 /* Key.swift */; };
		379D41C7270AC170002F8B0D /* MeteoView.swift in Sources */ = {isa = PBXBuildFile; fileRef = 379D41C6270AC170002F8B0D /* MeteoView.swift */; };
		379D41C9270B3E51002F8B0D /* TranslateView.swift in Sources */ = {isa = PBXBuildFile; fileRef = 379D41C8270B3E51002F8B0D /* TranslateView.swift */; };
		379D41CB270B4043002F8B0D /* TranslateService.swift in Sources */ = {isa = PBXBuildFile; fileRef = 379D41CA270B4043002F8B0D /* TranslateService.swift */; };
		37B63E9326EF706500A3B8CF /* AppDelegate.swift in Sources */ = {isa = PBXBuildFile; fileRef = 37B63E9226EF706500A3B8CF /* AppDelegate.swift */; };
		37B63E9526EF706500A3B8CF /* SceneDelegate.swift in Sources */ = {isa = PBXBuildFile; fileRef = 37B63E9426EF706500A3B8CF /* SceneDelegate.swift */; };
		37B63E9726EF706500A3B8CF /* TabViewController.swift in Sources */ = {isa = PBXBuildFile; fileRef = 37B63E9626EF706500A3B8CF /* TabViewController.swift */; };
		37B63E9C26EF706800A3B8CF /* Assets.xcassets in Resources */ = {isa = PBXBuildFile; fileRef = 37B63E9B26EF706800A3B8CF /* Assets.xcassets */; };
		37B63EC326EF7D3600A3B8CF /* MeteoViewController.swift in Sources */ = {isa = PBXBuildFile; fileRef = 37B63EC226EF7D3600A3B8CF /* MeteoViewController.swift */; };
		37B63EC526EF7D5F00A3B8CF /* TranslateViewController.swift in Sources */ = {isa = PBXBuildFile; fileRef = 37B63EC426EF7D5F00A3B8CF /* TranslateViewController.swift */; };
		37B63EC726EF7D7300A3B8CF /* ChangeViewController.swift in Sources */ = {isa = PBXBuildFile; fileRef = 37B63EC626EF7D7300A3B8CF /* ChangeViewController.swift */; };
		37C3FA2E27142A3A00FD9BCA /* KeyProtocol.swift in Sources */ = {isa = PBXBuildFile; fileRef = 37C3FA2D27142A3A00FD9BCA /* KeyProtocol.swift */; };
		37C7CCD726FCB836006A5216 /* MeteoService.swift in Sources */ = {isa = PBXBuildFile; fileRef = 37C7CCD626FCB836006A5216 /* MeteoService.swift */; };
		37C7CCDA26FE05F4006A5216 /* MeteoTests.swift in Sources */ = {isa = PBXBuildFile; fileRef = 37C7CCD926FE05F4006A5216 /* MeteoTests.swift */; };
		37C7CCDC26FE06B3006A5216 /* MeteoRessource.json in Resources */ = {isa = PBXBuildFile; fileRef = 37C7CCDB26FE06B3006A5216 /* MeteoRessource.json */; };
		37C7CCE026FE0AD0006A5216 /* MockResponseData.swift in Sources */ = {isa = PBXBuildFile; fileRef = 37C7CCDF26FE0AD0006A5216 /* MockResponseData.swift */; };
		37CD701426F8D0AA0083D1C2 /* RefreshButton.swift in Sources */ = {isa = PBXBuildFile; fileRef = 37CD701326F8D0AA0083D1C2 /* RefreshButton.swift */; };
/* End PBXBuildFile section */

/* Begin PBXContainerItemProxy section */
		37B63EA626EF706900A3B8CF /* PBXContainerItemProxy */ = {
			isa = PBXContainerItemProxy;
			containerPortal = 37B63E8726EF706500A3B8CF /* Project object */;
			proxyType = 1;
			remoteGlobalIDString = 37B63E8E26EF706500A3B8CF;
			remoteInfo = Baluchon;
		};
/* End PBXContainerItemProxy section */

/* Begin PBXFileReference section */
		377C77B4270C33E5001EB638 /* ChangeView.swift */ = {isa = PBXFileReference; lastKnownFileType = sourcecode.swift; path = ChangeView.swift; sourceTree = "<group>"; };
		377C77B6270C3586001EB638 /* ChangeService.swift */ = {isa = PBXFileReference; lastKnownFileType = sourcecode.swift; path = ChangeService.swift; sourceTree = "<group>"; };
		378C28012701FF700070C6A8 /* URLSessionMock.swift */ = {isa = PBXFileReference; lastKnownFileType = sourcecode.swift; path = URLSessionMock.swift; sourceTree = "<group>"; };
		378C2807270853BA0070C6A8 /* TranslateRessource.json */ = {isa = PBXFileReference; lastKnownFileType = text.json; path = TranslateRessource.json; sourceTree = "<group>"; };
		378C2809270853D30070C6A8 /* ChangeRessource.json */ = {isa = PBXFileReference; lastKnownFileType = text.json; path = ChangeRessource.json; sourceTree = "<group>"; };
		379BB5C927143AEE00737752 /* Key.swift */ = {isa = PBXFileReference; lastKnownFileType = sourcecode.swift; path = Key.swift; sourceTree = "<group>"; };
		379D41C6270AC170002F8B0D /* MeteoView.swift */ = {isa = PBXFileReference; lastKnownFileType = sourcecode.swift; path = MeteoView.swift; sourceTree = "<group>"; };
		379D41C8270B3E51002F8B0D /* TranslateView.swift */ = {isa = PBXFileReference; lastKnownFileType = sourcecode.swift; path = TranslateView.swift; sourceTree = "<group>"; };
		379D41CA270B4043002F8B0D /* TranslateService.swift */ = {isa = PBXFileReference; lastKnownFileType = sourcecode.swift; path = TranslateService.swift; sourceTree = "<group>"; };
		37B63E8F26EF706500A3B8CF /* Baluchon.app */ = {isa = PBXFileReference; explicitFileType = wrapper.application; includeInIndex = 0; path = Baluchon.app; sourceTree = BUILT_PRODUCTS_DIR; };
		37B63E9226EF706500A3B8CF /* AppDelegate.swift */ = {isa = PBXFileReference; lastKnownFileType = sourcecode.swift; path = AppDelegate.swift; sourceTree = "<group>"; };
		37B63E9426EF706500A3B8CF /* SceneDelegate.swift */ = {isa = PBXFileReference; lastKnownFileType = sourcecode.swift; path = SceneDelegate.swift; sourceTree = "<group>"; };
		37B63E9626EF706500A3B8CF /* TabViewController.swift */ = {isa = PBXFileReference; lastKnownFileType = sourcecode.swift; path = TabViewController.swift; sourceTree = "<group>"; };
		37B63E9B26EF706800A3B8CF /* Assets.xcassets */ = {isa = PBXFileReference; lastKnownFileType = folder.assetcatalog; path = Assets.xcassets; sourceTree = "<group>"; };
		37B63EA026EF706800A3B8CF /* Info.plist */ = {isa = PBXFileReference; lastKnownFileType = text.plist.xml; path = Info.plist; sourceTree = "<group>"; };
		37B63EA526EF706900A3B8CF /* BaluchonTests.xctest */ = {isa = PBXFileReference; explicitFileType = wrapper.cfbundle; includeInIndex = 0; path = BaluchonTests.xctest; sourceTree = BUILT_PRODUCTS_DIR; };
		37B63EAB26EF706900A3B8CF /* Info.plist */ = {isa = PBXFileReference; lastKnownFileType = text.plist.xml; path = Info.plist; sourceTree = "<group>"; };
		37B63EC226EF7D3600A3B8CF /* MeteoViewController.swift */ = {isa = PBXFileReference; lastKnownFileType = sourcecode.swift; path = MeteoViewController.swift; sourceTree = "<group>"; };
		37B63EC426EF7D5F00A3B8CF /* TranslateViewController.swift */ = {isa = PBXFileReference; lastKnownFileType = sourcecode.swift; path = TranslateViewController.swift; sourceTree = "<group>"; };
		37B63EC626EF7D7300A3B8CF /* ChangeViewController.swift */ = {isa = PBXFileReference; lastKnownFileType = sourcecode.swift; path = ChangeViewController.swift; sourceTree = "<group>"; };
		37C3FA2D27142A3A00FD9BCA /* KeyProtocol.swift */ = {isa = PBXFileReference; lastKnownFileType = sourcecode.swift; path = KeyProtocol.swift; sourceTree = "<group>"; };
		37C7CCD626FCB836006A5216 /* MeteoService.swift */ = {isa = PBXFileReference; lastKnownFileType = sourcecode.swift; path = MeteoService.swift; sourceTree = "<group>"; };
		37C7CCD926FE05F4006A5216 /* MeteoTests.swift */ = {isa = PBXFileReference; lastKnownFileType = sourcecode.swift; path = MeteoTests.swift; sourceTree = "<group>"; };
		37C7CCDB26FE06B3006A5216 /* MeteoRessource.json */ = {isa = PBXFileReference; lastKnownFileType = text.json; path = MeteoRessource.json; sourceTree = "<group>"; };
		37C7CCDF26FE0AD0006A5216 /* MockResponseData.swift */ = {isa = PBXFileReference; lastKnownFileType = sourcecode.swift; path = MockResponseData.swift; sourceTree = "<group>"; };
		37CD701326F8D0AA0083D1C2 /* RefreshButton.swift */ = {isa = PBXFileReference; lastKnownFileType = sourcecode.swift; path = RefreshButton.swift; sourceTree = "<group>"; };
/* End PBXFileReference section */

/* Begin PBXFrameworksBuildPhase section */
		37B63E8C26EF706500A3B8CF /* Frameworks */ = {
			isa = PBXFrameworksBuildPhase;
			buildActionMask = 2147483647;
			files = (
			);
			runOnlyForDeploymentPostprocessing = 0;
		};
		37B63EA226EF706900A3B8CF /* Frameworks */ = {
			isa = PBXFrameworksBuildPhase;
			buildActionMask = 2147483647;
			files = (
			);
			runOnlyForDeploymentPostprocessing = 0;
		};
/* End PBXFrameworksBuildPhase section */

/* Begin PBXGroup section */
		378C28032708523D0070C6A8 /* Model */ = {
			isa = PBXGroup;
			children = (
				378C28012701FF700070C6A8 /* URLSessionMock.swift */,
				37C7CCDF26FE0AD0006A5216 /* MockResponseData.swift */,
				378C2806270852870070C6A8 /* Change */,
				378C2805270852670070C6A8 /* Translate */,
				378C2804270852590070C6A8 /* Meteo */,
			);
			path = Model;
			sourceTree = "<group>";
		};
		378C2804270852590070C6A8 /* Meteo */ = {
			isa = PBXGroup;
			children = (
				37C7CCDB26FE06B3006A5216 /* MeteoRessource.json */,
				37C7CCD926FE05F4006A5216 /* MeteoTests.swift */,
			);
			path = Meteo;
			sourceTree = "<group>";
		};
		378C2805270852670070C6A8 /* Translate */ = {
			isa = PBXGroup;
			children = (
				378C2807270853BA0070C6A8 /* TranslateRessource.json */,
			);
			path = Translate;
			sourceTree = "<group>";
		};
		378C2806270852870070C6A8 /* Change */ = {
			isa = PBXGroup;
			children = (
				378C2809270853D30070C6A8 /* ChangeRessource.json */,
			);
			path = Change;
			sourceTree = "<group>";
		};
		37B63E8626EF706500A3B8CF = {
			isa = PBXGroup;
			children = (
				37B63E9126EF706500A3B8CF /* Baluchon */,
				37B63EA826EF706900A3B8CF /* BaluchonTests */,
				37B63E9026EF706500A3B8CF /* Products */,
			);
			sourceTree = "<group>";
		};
		37B63E9026EF706500A3B8CF /* Products */ = {
			isa = PBXGroup;
			children = (
				37B63E8F26EF706500A3B8CF /* Baluchon.app */,
				37B63EA526EF706900A3B8CF /* BaluchonTests.xctest */,
			);
			name = Products;
			sourceTree = "<group>";
		};
		37B63E9126EF706500A3B8CF /* Baluchon */ = {
			isa = PBXGroup;
			children = (
				37B63ECA26EF7D9500A3B8CF /* Controller */,
				37B63EC926EF7D8D00A3B8CF /* View */,
				37B63EC826EF7D8100A3B8CF /* Model */,
				37B63E9226EF706500A3B8CF /* AppDelegate.swift */,
				37B63E9B26EF706800A3B8CF /* Assets.xcassets */,
				37B63EA026EF706800A3B8CF /* Info.plist */,
				37B63E9426EF706500A3B8CF /* SceneDelegate.swift */,
			);
			path = Baluchon;
			sourceTree = "<group>";
		};
		37B63EA826EF706900A3B8CF /* BaluchonTests */ = {
			isa = PBXGroup;
			children = (
				378C28032708523D0070C6A8 /* Model */,
				37C7CCD826FE053E006A5216 /* ControllerTests */,
				37B63EAB26EF706900A3B8CF /* Info.plist */,
			);
			path = BaluchonTests;
			sourceTree = "<group>";
		};
		37B63EC826EF7D8100A3B8CF /* Model */ = {
			isa = PBXGroup;
			children = (
				37C7CCD626FCB836006A5216 /* MeteoService.swift */,
				379D41CA270B4043002F8B0D /* TranslateService.swift */,
				377C77B6270C3586001EB638 /* ChangeService.swift */,
				37C3FA2D27142A3A00FD9BCA /* KeyProtocol.swift */,
				379BB5C927143AEE00737752 /* Key.swift */,
			);
			path = Model;
			sourceTree = "<group>";
		};
		37B63EC926EF7D8D00A3B8CF /* View */ = {
			isa = PBXGroup;
			children = (
				37CD701326F8D0AA0083D1C2 /* RefreshButton.swift */,
				379D41C6270AC170002F8B0D /* MeteoView.swift */,
				379D41C8270B3E51002F8B0D /* TranslateView.swift */,
				377C77B4270C33E5001EB638 /* ChangeView.swift */,
			);
			path = View;
			sourceTree = "<group>";
		};
		37B63ECA26EF7D9500A3B8CF /* Controller */ = {
			isa = PBXGroup;
			children = (
				37B63E9626EF706500A3B8CF /* TabViewController.swift */,
				37B63EC226EF7D3600A3B8CF /* MeteoViewController.swift */,
				37B63EC426EF7D5F00A3B8CF /* TranslateViewController.swift */,
				37B63EC626EF7D7300A3B8CF /* ChangeViewController.swift */,
			);
			path = Controller;
			sourceTree = "<group>";
		};
		37C7CCD826FE053E006A5216 /* ControllerTests */ = {
			isa = PBXGroup;
			children = (
			);
			path = ControllerTests;
			sourceTree = "<group>";
		};
/* End PBXGroup section */

/* Begin PBXNativeTarget section */
		37B63E8E26EF706500A3B8CF /* Baluchon */ = {
			isa = PBXNativeTarget;
			buildConfigurationList = 37B63EB926EF706900A3B8CF /* Build configuration list for PBXNativeTarget "Baluchon" */;
			buildPhases = (
				37B63E8B26EF706500A3B8CF /* Sources */,
				37B63E8C26EF706500A3B8CF /* Frameworks */,
				37B63E8D26EF706500A3B8CF /* Resources */,
			);
			buildRules = (
			);
			dependencies = (
			);
			name = Baluchon;
			productName = Baluchon;
			productReference = 37B63E8F26EF706500A3B8CF /* Baluchon.app */;
			productType = "com.apple.product-type.application";
		};
		37B63EA426EF706900A3B8CF /* BaluchonTests */ = {
			isa = PBXNativeTarget;
			buildConfigurationList = 37B63EBC26EF706900A3B8CF /* Build configuration list for PBXNativeTarget "BaluchonTests" */;
			buildPhases = (
				37B63EA126EF706900A3B8CF /* Sources */,
				37B63EA226EF706900A3B8CF /* Frameworks */,
				37B63EA326EF706900A3B8CF /* Resources */,
			);
			buildRules = (
			);
			dependencies = (
				37B63EA726EF706900A3B8CF /* PBXTargetDependency */,
			);
			name = BaluchonTests;
			productName = BaluchonTests;
			productReference = 37B63EA526EF706900A3B8CF /* BaluchonTests.xctest */;
			productType = "com.apple.product-type.bundle.unit-test";
		};
/* End PBXNativeTarget section */

/* Begin PBXProject section */
		37B63E8726EF706500A3B8CF /* Project object */ = {
			isa = PBXProject;
			attributes = {
				LastSwiftUpdateCheck = 1250;
				LastUpgradeCheck = 1250;
				TargetAttributes = {
					37B63E8E26EF706500A3B8CF = {
						CreatedOnToolsVersion = 12.5.1;
					};
					37B63EA426EF706900A3B8CF = {
						CreatedOnToolsVersion = 12.5.1;
						TestTargetID = 37B63E8E26EF706500A3B8CF;
					};
				};
			};
			buildConfigurationList = 37B63E8A26EF706500A3B8CF /* Build configuration list for PBXProject "Baluchon" */;
			compatibilityVersion = "Xcode 9.3";
			developmentRegion = en;
			hasScannedForEncodings = 0;
			knownRegions = (
				en,
				Base,
			);
			mainGroup = 37B63E8626EF706500A3B8CF;
			productRefGroup = 37B63E9026EF706500A3B8CF /* Products */;
			projectDirPath = "";
			projectRoot = "";
			targets = (
				37B63E8E26EF706500A3B8CF /* Baluchon */,
				37B63EA426EF706900A3B8CF /* BaluchonTests */,
			);
		};
/* End PBXProject section */

/* Begin PBXResourcesBuildPhase section */
		37B63E8D26EF706500A3B8CF /* Resources */ = {
			isa = PBXResourcesBuildPhase;
			buildActionMask = 2147483647;
			files = (
				37B63E9C26EF706800A3B8CF /* Assets.xcassets in Resources */,
			);
			runOnlyForDeploymentPostprocessing = 0;
		};
		37B63EA326EF706900A3B8CF /* Resources */ = {
			isa = PBXResourcesBuildPhase;
			buildActionMask = 2147483647;
			files = (
				378C2808270853BA0070C6A8 /* TranslateRessource.json in Resources */,
				378C280A270853D30070C6A8 /* ChangeRessource.json in Resources */,
				37C7CCDC26FE06B3006A5216 /* MeteoRessource.json in Resources */,
			);
			runOnlyForDeploymentPostprocessing = 0;
		};
/* End PBXResourcesBuildPhase section */

/* Begin PBXSourcesBuildPhase section */
		37B63E8B26EF706500A3B8CF /* Sources */ = {
			isa = PBXSourcesBuildPhase;
			buildActionMask = 2147483647;
			files = (
				379D41CB270B4043002F8B0D /* TranslateService.swift in Sources */,
				379D41C7270AC170002F8B0D /* MeteoView.swift in Sources */,
				37B63EC726EF7D7300A3B8CF /* ChangeViewController.swift in Sources */,
				37CD701426F8D0AA0083D1C2 /* RefreshButton.swift in Sources */,
				377C77B5270C33E5001EB638 /* ChangeView.swift in Sources */,
				37B63E9726EF706500A3B8CF /* TabViewController.swift in Sources */,
				37B63EC526EF7D5F00A3B8CF /* TranslateViewController.swift in Sources */,
				377C77B7270C3586001EB638 /* ChangeService.swift in Sources */,
				379D41C9270B3E51002F8B0D /* TranslateView.swift in Sources */,
				37C7CCD726FCB836006A5216 /* MeteoService.swift in Sources */,
				37B63EC326EF7D3600A3B8CF /* MeteoViewController.swift in Sources */,
				379BB5CA27143AEE00737752 /* Key.swift in Sources */,
				37B63E9326EF706500A3B8CF /* AppDelegate.swift in Sources */,
				37B63E9526EF706500A3B8CF /* SceneDelegate.swift in Sources */,
				37C3FA2E27142A3A00FD9BCA /* KeyProtocol.swift in Sources */,
			);
			runOnlyForDeploymentPostprocessing = 0;
		};
		37B63EA126EF706900A3B8CF /* Sources */ = {
			isa = PBXSourcesBuildPhase;
			buildActionMask = 2147483647;
			files = (
				37C7CCDA26FE05F4006A5216 /* MeteoTests.swift in Sources */,
				378C28022701FF700070C6A8 /* URLSessionMock.swift in Sources */,
				37C7CCE026FE0AD0006A5216 /* MockResponseData.swift in Sources */,
			);
			runOnlyForDeploymentPostprocessing = 0;
		};
/* End PBXSourcesBuildPhase section */

/* Begin PBXTargetDependency section */
		37B63EA726EF706900A3B8CF /* PBXTargetDependency */ = {
			isa = PBXTargetDependency;
			target = 37B63E8E26EF706500A3B8CF /* Baluchon */;
			targetProxy = 37B63EA626EF706900A3B8CF /* PBXContainerItemProxy */;
		};
/* End PBXTargetDependency section */

/* Begin XCBuildConfiguration section */
		37B63EB726EF706900A3B8CF /* Debug */ = {
			isa = XCBuildConfiguration;
			buildSettings = {
				ALWAYS_SEARCH_USER_PATHS = NO;
				CLANG_ANALYZER_NONNULL = YES;
				CLANG_ANALYZER_NUMBER_OBJECT_CONVERSION = YES_AGGRESSIVE;
				CLANG_CXX_LANGUAGE_STANDARD = "gnu++14";
				CLANG_CXX_LIBRARY = "libc++";
				CLANG_ENABLE_MODULES = YES;
				CLANG_ENABLE_OBJC_ARC = YES;
				CLANG_ENABLE_OBJC_WEAK = YES;
				CLANG_WARN_BLOCK_CAPTURE_AUTORELEASING = YES;
				CLANG_WARN_BOOL_CONVERSION = YES;
				CLANG_WARN_COMMA = YES;
				CLANG_WARN_CONSTANT_CONVERSION = YES;
				CLANG_WARN_DEPRECATED_OBJC_IMPLEMENTATIONS = YES;
				CLANG_WARN_DIRECT_OBJC_ISA_USAGE = YES_ERROR;
				CLANG_WARN_DOCUMENTATION_COMMENTS = YES;
				CLANG_WARN_EMPTY_BODY = YES;
				CLANG_WARN_ENUM_CONVERSION = YES;
				CLANG_WARN_INFINITE_RECURSION = YES;
				CLANG_WARN_INT_CONVERSION = YES;
				CLANG_WARN_NON_LITERAL_NULL_CONVERSION = YES;
				CLANG_WARN_OBJC_IMPLICIT_RETAIN_SELF = YES;
				CLANG_WARN_OBJC_LITERAL_CONVERSION = YES;
				CLANG_WARN_OBJC_ROOT_CLASS = YES_ERROR;
				CLANG_WARN_QUOTED_INCLUDE_IN_FRAMEWORK_HEADER = YES;
				CLANG_WARN_RANGE_LOOP_ANALYSIS = YES;
				CLANG_WARN_STRICT_PROTOTYPES = YES;
				CLANG_WARN_SUSPICIOUS_MOVE = YES;
				CLANG_WARN_UNGUARDED_AVAILABILITY = YES_AGGRESSIVE;
				CLANG_WARN_UNREACHABLE_CODE = YES;
				CLANG_WARN__DUPLICATE_METHOD_MATCH = YES;
				COPY_PHASE_STRIP = NO;
				DEBUG_INFORMATION_FORMAT = dwarf;
				ENABLE_STRICT_OBJC_MSGSEND = YES;
				ENABLE_TESTABILITY = YES;
				GCC_C_LANGUAGE_STANDARD = gnu11;
				GCC_DYNAMIC_NO_PIC = NO;
				GCC_NO_COMMON_BLOCKS = YES;
				GCC_OPTIMIZATION_LEVEL = 0;
				GCC_PREPROCESSOR_DEFINITIONS = (
					"DEBUG=1",
					"$(inherited)",
				);
				GCC_WARN_64_TO_32_BIT_CONVERSION = YES;
				GCC_WARN_ABOUT_RETURN_TYPE = YES_ERROR;
				GCC_WARN_UNDECLARED_SELECTOR = YES;
				GCC_WARN_UNINITIALIZED_AUTOS = YES_AGGRESSIVE;
				GCC_WARN_UNUSED_FUNCTION = YES;
				GCC_WARN_UNUSED_VARIABLE = YES;
				IPHONEOS_DEPLOYMENT_TARGET = 15.0;
				MTL_ENABLE_DEBUG_INFO = INCLUDE_SOURCE;
				MTL_FAST_MATH = YES;
				ONLY_ACTIVE_ARCH = YES;
				SDKROOT = iphoneos;
				SWIFT_ACTIVE_COMPILATION_CONDITIONS = DEBUG;
				SWIFT_OPTIMIZATION_LEVEL = "-Onone";
			};
			name = Debug;
		};
		37B63EB826EF706900A3B8CF /* Release */ = {
			isa = XCBuildConfiguration;
			buildSettings = {
				ALWAYS_SEARCH_USER_PATHS = NO;
				CLANG_ANALYZER_NONNULL = YES;
				CLANG_ANALYZER_NUMBER_OBJECT_CONVERSION = YES_AGGRESSIVE;
				CLANG_CXX_LANGUAGE_STANDARD = "gnu++14";
				CLANG_CXX_LIBRARY = "libc++";
				CLANG_ENABLE_MODULES = YES;
				CLANG_ENABLE_OBJC_ARC = YES;
				CLANG_ENABLE_OBJC_WEAK = YES;
				CLANG_WARN_BLOCK_CAPTURE_AUTORELEASING = YES;
				CLANG_WARN_BOOL_CONVERSION = YES;
				CLANG_WARN_COMMA = YES;
				CLANG_WARN_CONSTANT_CONVERSION = YES;
				CLANG_WARN_DEPRECATED_OBJC_IMPLEMENTATIONS = YES;
				CLANG_WARN_DIRECT_OBJC_ISA_USAGE = YES_ERROR;
				CLANG_WARN_DOCUMENTATION_COMMENTS = YES;
				CLANG_WARN_EMPTY_BODY = YES;
				CLANG_WARN_ENUM_CONVERSION = YES;
				CLANG_WARN_INFINITE_RECURSION = YES;
				CLANG_WARN_INT_CONVERSION = YES;
				CLANG_WARN_NON_LITERAL_NULL_CONVERSION = YES;
				CLANG_WARN_OBJC_IMPLICIT_RETAIN_SELF = YES;
				CLANG_WARN_OBJC_LITERAL_CONVERSION = YES;
				CLANG_WARN_OBJC_ROOT_CLASS = YES_ERROR;
				CLANG_WARN_QUOTED_INCLUDE_IN_FRAMEWORK_HEADER = YES;
				CLANG_WARN_RANGE_LOOP_ANALYSIS = YES;
				CLANG_WARN_STRICT_PROTOTYPES = YES;
				CLANG_WARN_SUSPICIOUS_MOVE = YES;
				CLANG_WARN_UNGUARDED_AVAILABILITY = YES_AGGRESSIVE;
				CLANG_WARN_UNREACHABLE_CODE = YES;
				CLANG_WARN__DUPLICATE_METHOD_MATCH = YES;
				COPY_PHASE_STRIP = NO;
				DEBUG_INFORMATION_FORMAT = "dwarf-with-dsym";
				ENABLE_NS_ASSERTIONS = NO;
				ENABLE_STRICT_OBJC_MSGSEND = YES;
				GCC_C_LANGUAGE_STANDARD = gnu11;
				GCC_NO_COMMON_BLOCKS = YES;
				GCC_WARN_64_TO_32_BIT_CONVERSION = YES;
				GCC_WARN_ABOUT_RETURN_TYPE = YES_ERROR;
				GCC_WARN_UNDECLARED_SELECTOR = YES;
				GCC_WARN_UNINITIALIZED_AUTOS = YES_AGGRESSIVE;
				GCC_WARN_UNUSED_FUNCTION = YES;
				GCC_WARN_UNUSED_VARIABLE = YES;
				IPHONEOS_DEPLOYMENT_TARGET = 15.0;
				MTL_ENABLE_DEBUG_INFO = NO;
				MTL_FAST_MATH = YES;
				SDKROOT = iphoneos;
				SWIFT_COMPILATION_MODE = wholemodule;
				SWIFT_OPTIMIZATION_LEVEL = "-O";
				VALIDATE_PRODUCT = YES;
			};
			name = Release;
		};
		37B63EBA26EF706900A3B8CF /* Debug */ = {
			isa = XCBuildConfiguration;
			buildSettings = {
				ASSETCATALOG_COMPILER_APPICON_NAME = AppIcon;
				ASSETCATALOG_COMPILER_GLOBAL_ACCENT_COLOR_NAME = AccentColor;
				CODE_SIGN_STYLE = Automatic;
				DEVELOPMENT_TEAM = XQ53L7XZCM;
				INFOPLIST_FILE = Baluchon/Info.plist;
				LD_RUNPATH_SEARCH_PATHS = (
					"$(inherited)",
					"@executable_path/Frameworks",
				);
				PRODUCT_BUNDLE_IDENTIFIER = Kronys.Baluchon;
				PRODUCT_NAME = "$(TARGET_NAME)";
				SWIFT_VERSION = 5.0;
				TARGETED_DEVICE_FAMILY = 1;
			};
			name = Debug;
		};
		37B63EBB26EF706900A3B8CF /* Release */ = {
			isa = XCBuildConfiguration;
			buildSettings = {
				ASSETCATALOG_COMPILER_APPICON_NAME = AppIcon;
				ASSETCATALOG_COMPILER_GLOBAL_ACCENT_COLOR_NAME = AccentColor;
				CODE_SIGN_STYLE = Automatic;
				DEVELOPMENT_TEAM = XQ53L7XZCM;
				INFOPLIST_FILE = Baluchon/Info.plist;
				LD_RUNPATH_SEARCH_PATHS = (
					"$(inherited)",
					"@executable_path/Frameworks",
				);
				PRODUCT_BUNDLE_IDENTIFIER = Kronys.Baluchon;
				PRODUCT_NAME = "$(TARGET_NAME)";
				SWIFT_VERSION = 5.0;
				TARGETED_DEVICE_FAMILY = 1;
			};
			name = Release;
		};
		37B63EBD26EF706900A3B8CF /* Debug */ = {
			isa = XCBuildConfiguration;
			buildSettings = {
				ALWAYS_EMBED_SWIFT_STANDARD_LIBRARIES = YES;
				BUNDLE_LOADER = "$(TEST_HOST)";
				CODE_SIGN_STYLE = Automatic;
				DEVELOPMENT_TEAM = XQ53L7XZCM;
				INFOPLIST_FILE = BaluchonTests/Info.plist;
				IPHONEOS_DEPLOYMENT_TARGET = 14.5;
				LD_RUNPATH_SEARCH_PATHS = (
					"$(inherited)",
					"@executable_path/Frameworks",
					"@loader_path/Frameworks",
				);
				PRODUCT_BUNDLE_IDENTIFIER = Kronys.BaluchonTests;
				PRODUCT_NAME = "$(TARGET_NAME)";
				SWIFT_VERSION = 5.0;
				TARGETED_DEVICE_FAMILY = "1,2";
				TEST_HOST = "$(BUILT_PRODUCTS_DIR)/Baluchon.app/Baluchon";
			};
			name = Debug;
		};
		37B63EBE26EF706900A3B8CF /* Release */ = {
			isa = XCBuildConfiguration;
			buildSettings = {
				ALWAYS_EMBED_SWIFT_STANDARD_LIBRARIES = YES;
				BUNDLE_LOADER = "$(TEST_HOST)";
				CODE_SIGN_STYLE = Automatic;
				DEVELOPMENT_TEAM = XQ53L7XZCM;
				INFOPLIST_FILE = BaluchonTests/Info.plist;
				IPHONEOS_DEPLOYMENT_TARGET = 14.5;
				LD_RUNPATH_SEARCH_PATHS = (
					"$(inherited)",
					"@executable_path/Frameworks",
					"@loader_path/Frameworks",
				);
				PRODUCT_BUNDLE_IDENTIFIER = Kronys.BaluchonTests;
				PRODUCT_NAME = "$(TARGET_NAME)";
				SWIFT_VERSION = 5.0;
				TARGETED_DEVICE_FAMILY = "1,2";
				TEST_HOST = "$(BUILT_PRODUCTS_DIR)/Baluchon.app/Baluchon";
			};
			name = Release;
		};
/* End XCBuildConfiguration section */

/* Begin XCConfigurationList section */
		37B63E8A26EF706500A3B8CF /* Build configuration list for PBXProject "Baluchon" */ = {
			isa = XCConfigurationList;
			buildConfigurations = (
				37B63EB726EF706900A3B8CF /* Debug */,
				37B63EB826EF706900A3B8CF /* Release */,
			);
			defaultConfigurationIsVisible = 0;
			defaultConfigurationName = Release;
		};
		37B63EB926EF706900A3B8CF /* Build configuration list for PBXNativeTarget "Baluchon" */ = {
			isa = XCConfigurationList;
			buildConfigurations = (
				37B63EBA26EF706900A3B8CF /* Debug */,
				37B63EBB26EF706900A3B8CF /* Release */,
			);
			defaultConfigurationIsVisible = 0;
			defaultConfigurationName = Release;
		};
		37B63EBC26EF706900A3B8CF /* Build configuration list for PBXNativeTarget "BaluchonTests" */ = {
			isa = XCConfigurationList;
			buildConfigurations = (
				37B63EBD26EF706900A3B8CF /* Debug */,
				37B63EBE26EF706900A3B8CF /* Release */,
			);
			defaultConfigurationIsVisible = 0;
			defaultConfigurationName = Release;
		};
/* End XCConfigurationList section */
	};
	rootObject = 37B63E8726EF706500A3B8CF /* Project object */;
}
